
Microsoft Visual Studio Solution File, Format Version 12.00
# Visual Studio 15
VisualStudioVersion = 15.0.27428.2011
MinimumVisualStudioVersion = 10.0.40219.1
Project("{FAE04EC0-301F-11D3-BF4B-00C04F79EFBC}") = "Data.FluentMigrator", "src\Data.FluentMigrator\Data.FluentMigrator.csproj", "{A7396F85-22B8-42CE-BFB7-65300E028B8D}"
EndProject
Project("{FAE04EC0-301F-11D3-BF4B-00C04F79EFBC}") = "Data.FluentMigrator.Tests", "test\Data.FluentMigrator.Tests\Data.FluentMigrator.Tests.csproj", "{37992F6F-C7E3-4743-B965-C176337142FF}"
EndProject
Project("{2150E333-8FDC-42A3-9474-1A3956D46DE8}") = "Solution Items", "Solution Items", "{52560949-42DD-46C0-B674-762F6FAF61BE}"
	ProjectSection(SolutionItems) = preProject
		LICENSE = LICENSE
		README.md = README.md
	EndProjectSection
EndProject
Global
	GlobalSection(SolutionConfigurationPlatforms) = preSolution
		Debug|Any CPU = Debug|Any CPU
		Release|Any CPU = Release|Any CPU
	EndGlobalSection
	GlobalSection(ProjectConfigurationPlatforms) = postSolution
		{A7396F85-22B8-42CE-BFB7-65300E028B8D}.Debug|Any CPU.ActiveCfg = Debug|Any CPU
		{A7396F85-22B8-42CE-BFB7-65300E028B8D}.Debug|Any CPU.Build.0 = Debug|Any CPU
		{A7396F85-22B8-42CE-BFB7-65300E028B8D}.Release|Any CPU.ActiveCfg = Release|Any CPU
		{A7396F85-22B8-42CE-BFB7-65300E028B8D}.Release|Any CPU.Build.0 = Release|Any CPU
		{37992F6F-C7E3-4743-B965-C176337142FF}.Debug|Any CPU.ActiveCfg = Debug|Any CPU
		{37992F6F-C7E3-4743-B965-C176337142FF}.Debug|Any CPU.Build.0 = Debug|Any CPU
		{37992F6F-C7E3-4743-B965-C176337142FF}.Release|Any CPU.ActiveCfg = Release|Any CPU
		{37992F6F-C7E3-4743-B965-C176337142FF}.Release|Any CPU.Build.0 = Release|Any CPU
	EndGlobalSection
	GlobalSection(SolutionProperties) = preSolution
		HideSolutionNode = FALSE
	EndGlobalSection
	GlobalSection(ExtensibilityGlobals) = postSolution
		SolutionGuid = {ADA09432-35CE-47ED-A2A9-7F452C993AFC}
	EndGlobalSection
EndGlobal
